// !$*UTF8*$!
{
	archiveVersion = 1;
	classes = {
	};
	objectVersion = 56;
	objects = {

/* Begin PBXBuildFile section */
		0B61190F28EDB3BC00533556 /* UserReposView.swift in Sources */ = {isa = PBXBuildFile; fileRef = 0B61190E28EDB3BC00533556 /* UserReposView.swift */; };
		0B61191128EDBCC900533556 /* UserReposViewModel.swift in Sources */ = {isa = PBXBuildFile; fileRef = 0B61191028EDBCC900533556 /* UserReposViewModel.swift */; };
		0B61191328EDBD1600533556 /* Repository.swift in Sources */ = {isa = PBXBuildFile; fileRef = 0B61191228EDBD1600533556 /* Repository.swift */; };
		0BB3A87C28EC433700FB88D8 /* MaximalTestApp.swift in Sources */ = {isa = PBXBuildFile; fileRef = 0BB3A87B28EC433700FB88D8 /* MaximalTestApp.swift */; };
		0BB3A87E28EC433700FB88D8 /* ContentView.swift in Sources */ = {isa = PBXBuildFile; fileRef = 0BB3A87D28EC433700FB88D8 /* ContentView.swift */; };
		0BB3A88028EC433800FB88D8 /* Assets.xcassets in Resources */ = {isa = PBXBuildFile; fileRef = 0BB3A87F28EC433800FB88D8 /* Assets.xcassets */; };
		0BB3A88328EC433800FB88D8 /* Preview Assets.xcassets in Resources */ = {isa = PBXBuildFile; fileRef = 0BB3A88228EC433800FB88D8 /* Preview Assets.xcassets */; };
		0BB3A88B28EC4D4200FB88D8 /* SearchView.swift in Sources */ = {isa = PBXBuildFile; fileRef = 0BB3A88A28EC4D4200FB88D8 /* SearchView.swift */; };
		0BB3A88D28EC4D5400FB88D8 /* UserInfoView.swift in Sources */ = {isa = PBXBuildFile; fileRef = 0BB3A88C28EC4D5400FB88D8 /* UserInfoView.swift */; };
		0BB3A88F28EC653700FB88D8 /* SearchViewModel.swift in Sources */ = {isa = PBXBuildFile; fileRef = 0BB3A88E28EC653700FB88D8 /* SearchViewModel.swift */; };
		0BB3A89328EC68D600FB88D8 /* SearchResult.swift in Sources */ = {isa = PBXBuildFile; fileRef = 0BB3A89228EC68D600FB88D8 /* SearchResult.swift */; };
		0BB3A89528EC760C00FB88D8 /* ServerDataManager.swift in Sources */ = {isa = PBXBuildFile; fileRef = 0BB3A89428EC760C00FB88D8 /* ServerDataManager.swift */; };
		0BB3A89828EC779600FB88D8 /* Alamofire in Frameworks */ = {isa = PBXBuildFile; productRef = 0BB3A89728EC779600FB88D8 /* Alamofire */; };
		0BF5E63628EEF66800A76F01 /* UserInfoViewModel.swift in Sources */ = {isa = PBXBuildFile; fileRef = 0BF5E63528EEF66800A76F01 /* UserInfoViewModel.swift */; };
		0BF5E63828EF0F4A00A76F01 /* AuthModels.swift in Sources */ = {isa = PBXBuildFile; fileRef = 0BF5E63728EF0F4A00A76F01 /* AuthModels.swift */; };
/* End PBXBuildFile section */

/* Begin PBXFileReference section */
		0B61190E28EDB3BC00533556 /* UserReposView.swift */ = {isa = PBXFileReference; lastKnownFileType = sourcecode.swift; path = UserReposView.swift; sourceTree = "<group>"; };
		0B61191028EDBCC900533556 /* UserReposViewModel.swift */ = {isa = PBXFileReference; lastKnownFileType = sourcecode.swift; path = UserReposViewModel.swift; sourceTree = "<group>"; };
		0B61191228EDBD1600533556 /* Repository.swift */ = {isa = PBXFileReference; lastKnownFileType = sourcecode.swift; path = Repository.swift; sourceTree = "<group>"; };
		0BB3A87828EC433700FB88D8 /* MaximalTest.app */ = {isa = PBXFileReference; explicitFileType = wrapper.application; includeInIndex = 0; path = MaximalTest.app; sourceTree = BUILT_PRODUCTS_DIR; };
		0BB3A87B28EC433700FB88D8 /* MaximalTestApp.swift */ = {isa = PBXFileReference; lastKnownFileType = sourcecode.swift; path = MaximalTestApp.swift; sourceTree = "<group>"; };
		0BB3A87D28EC433700FB88D8 /* ContentView.swift */ = {isa = PBXFileReference; lastKnownFileType = sourcecode.swift; path = ContentView.swift; sourceTree = "<group>"; };
		0BB3A87F28EC433800FB88D8 /* Assets.xcassets */ = {isa = PBXFileReference; lastKnownFileType = folder.assetcatalog; path = Assets.xcassets; sourceTree = "<group>"; };
		0BB3A88228EC433800FB88D8 /* Preview Assets.xcassets */ = {isa = PBXFileReference; lastKnownFileType = folder.assetcatalog; path = "Preview Assets.xcassets"; sourceTree = "<group>"; };
		0BB3A88A28EC4D4200FB88D8 /* SearchView.swift */ = {isa = PBXFileReference; lastKnownFileType = sourcecode.swift; path = SearchView.swift; sourceTree = "<group>"; };
		0BB3A88C28EC4D5400FB88D8 /* UserInfoView.swift */ = {isa = PBXFileReference; lastKnownFileType = sourcecode.swift; path = UserInfoView.swift; sourceTree = "<group>"; };
		0BB3A88E28EC653700FB88D8 /* SearchViewModel.swift */ = {isa = PBXFileReference; lastKnownFileType = sourcecode.swift; path = SearchViewModel.swift; sourceTree = "<group>"; };
		0BB3A89228EC68D600FB88D8 /* SearchResult.swift */ = {isa = PBXFileReference; lastKnownFileType = sourcecode.swift; path = SearchResult.swift; sourceTree = "<group>"; };
		0BB3A89428EC760C00FB88D8 /* ServerDataManager.swift */ = {isa = PBXFileReference; lastKnownFileType = sourcecode.swift; path = ServerDataManager.swift; sourceTree = "<group>"; };
		0BF5E63328EEF5B800A76F01 /* Info.plist */ = {isa = PBXFileReference; lastKnownFileType = text.plist; path = Info.plist; sourceTree = "<group>"; };
		0BF5E63528EEF66800A76F01 /* UserInfoViewModel.swift */ = {isa = PBXFileReference; lastKnownFileType = sourcecode.swift; path = UserInfoViewModel.swift; sourceTree = "<group>"; };
		0BF5E63728EF0F4A00A76F01 /* AuthModels.swift */ = {isa = PBXFileReference; lastKnownFileType = sourcecode.swift; path = AuthModels.swift; sourceTree = "<group>"; };
/* End PBXFileReference section */

/* Begin PBXFrameworksBuildPhase section */
		0BB3A87528EC433700FB88D8 /* Frameworks */ = {
			isa = PBXFrameworksBuildPhase;
			buildActionMask = 2147483647;
			files = (
				0BB3A89828EC779600FB88D8 /* Alamofire in Frameworks */,
			);
			runOnlyForDeploymentPostprocessing = 0;
		};
/* End PBXFrameworksBuildPhase section */

/* Begin PBXGroup section */
		0BB3A86F28EC433700FB88D8 = {
			isa = PBXGroup;
			children = (
				0BB3A87A28EC433700FB88D8 /* MaximalTest */,
				0BB3A87928EC433700FB88D8 /* Products */,
			);
			sourceTree = "<group>";
		};
		0BB3A87928EC433700FB88D8 /* Products */ = {
			isa = PBXGroup;
			children = (
				0BB3A87828EC433700FB88D8 /* MaximalTest.app */,
			);
			name = Products;
			sourceTree = "<group>";
		};
		0BB3A87A28EC433700FB88D8 /* MaximalTest */ = {
			isa = PBXGroup;
			children = (
				0BF5E63328EEF5B800A76F01 /* Info.plist */,
				0BF5E63428EEF60000A76F01 /* ViewModels */,
				0BB3A89128EC68BA00FB88D8 /* Models */,
				0BB3A88928EC4D2B00FB88D8 /* Views */,
				0BB3A87D28EC433700FB88D8 /* ContentView.swift */,
				0BB3A87B28EC433700FB88D8 /* MaximalTestApp.swift */,
				0BB3A87F28EC433800FB88D8 /* Assets.xcassets */,
				0BB3A88128EC433800FB88D8 /* Preview Content */,
				0BB3A89428EC760C00FB88D8 /* ServerDataManager.swift */,
			);
			path = MaximalTest;
			sourceTree = "<group>";
		};
		0BB3A88128EC433800FB88D8 /* Preview Content */ = {
			isa = PBXGroup;
			children = (
				0BB3A88228EC433800FB88D8 /* Preview Assets.xcassets */,
			);
			path = "Preview Content";
			sourceTree = "<group>";
		};
		0BB3A88928EC4D2B00FB88D8 /* Views */ = {
			isa = PBXGroup;
			children = (
				0BB3A88A28EC4D4200FB88D8 /* SearchView.swift */,
				0BB3A88C28EC4D5400FB88D8 /* UserInfoView.swift */,
				0B61190E28EDB3BC00533556 /* UserReposView.swift */,
			);
			path = Views;
			sourceTree = "<group>";
		};
		0BB3A89128EC68BA00FB88D8 /* Models */ = {
			isa = PBXGroup;
			children = (
				0BB3A89228EC68D600FB88D8 /* SearchResult.swift */,
				0B61191228EDBD1600533556 /* Repository.swift */,
				0BF5E63728EF0F4A00A76F01 /* AuthModels.swift */,
			);
			path = Models;
			sourceTree = "<group>";
		};
		0BF5E63428EEF60000A76F01 /* ViewModels */ = {
			isa = PBXGroup;
			children = (
				0B61191028EDBCC900533556 /* UserReposViewModel.swift */,
				0BB3A88E28EC653700FB88D8 /* SearchViewModel.swift */,
				0BF5E63528EEF66800A76F01 /* UserInfoViewModel.swift */,
			);
			path = ViewModels;
			sourceTree = "<group>";
		};
/* End PBXGroup section */

/* Begin PBXNativeTarget section */
		0BB3A87728EC433700FB88D8 /* MaximalTest */ = {
			isa = PBXNativeTarget;
			buildConfigurationList = 0BB3A88628EC433800FB88D8 /* Build configuration list for PBXNativeTarget "MaximalTest" */;
			buildPhases = (
				0BB3A87428EC433700FB88D8 /* Sources */,
				0BB3A87528EC433700FB88D8 /* Frameworks */,
				0BB3A87628EC433700FB88D8 /* Resources */,
			);
			buildRules = (
			);
			dependencies = (
			);
			name = MaximalTest;
			packageProductDependencies = (
				0BB3A89728EC779600FB88D8 /* Alamofire */,
			);
			productName = MaximalTest;
			productReference = 0BB3A87828EC433700FB88D8 /* MaximalTest.app */;
			productType = "com.apple.product-type.application";
		};
/* End PBXNativeTarget section */

/* Begin PBXProject section */
		0BB3A87028EC433700FB88D8 /* Project object */ = {
			isa = PBXProject;
			attributes = {
				BuildIndependentTargetsInParallel = 1;
				LastSwiftUpdateCheck = 1400;
				LastUpgradeCheck = 1400;
				TargetAttributes = {
					0BB3A87728EC433700FB88D8 = {
						CreatedOnToolsVersion = 14.0.1;
					};
				};
			};
			buildConfigurationList = 0BB3A87328EC433700FB88D8 /* Build configuration list for PBXProject "MaximalTest" */;
			compatibilityVersion = "Xcode 14.0";
			developmentRegion = en;
			hasScannedForEncodings = 0;
			knownRegions = (
				en,
				Base,
			);
			mainGroup = 0BB3A86F28EC433700FB88D8;
			packageReferences = (
				0BB3A89628EC779600FB88D8 /* XCRemoteSwiftPackageReference "Alamofire" */,
			);
			productRefGroup = 0BB3A87928EC433700FB88D8 /* Products */;
			projectDirPath = "";
			projectRoot = "";
			targets = (
				0BB3A87728EC433700FB88D8 /* MaximalTest */,
			);
		};
/* End PBXProject section */

/* Begin PBXResourcesBuildPhase section */
		0BB3A87628EC433700FB88D8 /* Resources */ = {
			isa = PBXResourcesBuildPhase;
			buildActionMask = 2147483647;
			files = (
				0BB3A88328EC433800FB88D8 /* Preview Assets.xcassets in Resources */,
				0BB3A88028EC433800FB88D8 /* Assets.xcassets in Resources */,
			);
			runOnlyForDeploymentPostprocessing = 0;
		};
/* End PBXResourcesBuildPhase section */

/* Begin PBXSourcesBuildPhase section */
		0BB3A87428EC433700FB88D8 /* Sources */ = {
			isa = PBXSourcesBuildPhase;
			buildActionMask = 2147483647;
			files = (
				0BB3A88F28EC653700FB88D8 /* SearchViewModel.swift in Sources */,
				0BF5E63828EF0F4A00A76F01 /* AuthModels.swift in Sources */,
				0B61190F28EDB3BC00533556 /* UserReposView.swift in Sources */,
				0BB3A87E28EC433700FB88D8 /* ContentView.swift in Sources */,
				0BB3A88B28EC4D4200FB88D8 /* SearchView.swift in Sources */,
				0BB3A87C28EC433700FB88D8 /* MaximalTestApp.swift in Sources */,
				0BF5E63628EEF66800A76F01 /* UserInfoViewModel.swift in Sources */,
				0BB3A89328EC68D600FB88D8 /* SearchResult.swift in Sources */,
				0BB3A88D28EC4D5400FB88D8 /* UserInfoView.swift in Sources */,
				0B61191328EDBD1600533556 /* Repository.swift in Sources */,
				0BB3A89528EC760C00FB88D8 /* ServerDataManager.swift in Sources */,
				0B61191128EDBCC900533556 /* UserReposViewModel.swift in Sources */,
			);
			runOnlyForDeploymentPostprocessing = 0;
		};
/* End PBXSourcesBuildPhase section */

/* Begin XCBuildConfiguration section */
		0BB3A88428EC433800FB88D8 /* Debug */ = {
			isa = XCBuildConfiguration;
			buildSettings = {
				ALWAYS_SEARCH_USER_PATHS = NO;
				CLANG_ANALYZER_NONNULL = YES;
				CLANG_ANALYZER_NUMBER_OBJECT_CONVERSION = YES_AGGRESSIVE;
				CLANG_CXX_LANGUAGE_STANDARD = "gnu++20";
				CLANG_ENABLE_MODULES = YES;
				CLANG_ENABLE_OBJC_ARC = YES;
				CLANG_ENABLE_OBJC_WEAK = YES;
				CLANG_WARN_BLOCK_CAPTURE_AUTORELEASING = YES;
				CLANG_WARN_BOOL_CONVERSION = YES;
				CLANG_WARN_COMMA = YES;
				CLANG_WARN_CONSTANT_CONVERSION = YES;
				CLANG_WARN_DEPRECATED_OBJC_IMPLEMENTATIONS = YES;
				CLANG_WARN_DIRECT_OBJC_ISA_USAGE = YES_ERROR;
				CLANG_WARN_DOCUMENTATION_COMMENTS = YES;
				CLANG_WARN_EMPTY_BODY = YES;
				CLANG_WARN_ENUM_CONVERSION = YES;
				CLANG_WARN_INFINITE_RECURSION = YES;
				CLANG_WARN_INT_CONVERSION = YES;
				CLANG_WARN_NON_LITERAL_NULL_CONVERSION = YES;
				CLANG_WARN_OBJC_IMPLICIT_RETAIN_SELF = YES;
				CLANG_WARN_OBJC_LITERAL_CONVERSION = YES;
				CLANG_WARN_OBJC_ROOT_CLASS = YES_ERROR;
				CLANG_WARN_QUOTED_INCLUDE_IN_FRAMEWORK_HEADER = YES;
				CLANG_WARN_RANGE_LOOP_ANALYSIS = YES;
				CLANG_WARN_STRICT_PROTOTYPES = YES;
				CLANG_WARN_SUSPICIOUS_MOVE = YES;
				CLANG_WARN_UNGUARDED_AVAILABILITY = YES_AGGRESSIVE;
				CLANG_WARN_UNREACHABLE_CODE = YES;
				CLANG_WARN__DUPLICATE_METHOD_MATCH = YES;
				COPY_PHASE_STRIP = NO;
				DEBUG_INFORMATION_FORMAT = dwarf;
				ENABLE_STRICT_OBJC_MSGSEND = YES;
				ENABLE_TESTABILITY = YES;
				GCC_C_LANGUAGE_STANDARD = gnu11;
				GCC_DYNAMIC_NO_PIC = NO;
				GCC_NO_COMMON_BLOCKS = YES;
				GCC_OPTIMIZATION_LEVEL = 0;
				GCC_PREPROCESSOR_DEFINITIONS = (
					"DEBUG=1",
					"$(inherited)",
				);
				GCC_WARN_64_TO_32_BIT_CONVERSION = YES;
				GCC_WARN_ABOUT_RETURN_TYPE = YES_ERROR;
				GCC_WARN_UNDECLARED_SELECTOR = YES;
				GCC_WARN_UNINITIALIZED_AUTOS = YES_AGGRESSIVE;
				GCC_WARN_UNUSED_FUNCTION = YES;
				GCC_WARN_UNUSED_VARIABLE = YES;
				IPHONEOS_DEPLOYMENT_TARGET = 16.0;
				MTL_ENABLE_DEBUG_INFO = INCLUDE_SOURCE;
				MTL_FAST_MATH = YES;
				ONLY_ACTIVE_ARCH = YES;
				SDKROOT = iphoneos;
				SWIFT_ACTIVE_COMPILATION_CONDITIONS = DEBUG;
				SWIFT_OPTIMIZATION_LEVEL = "-Onone";
			};
			name = Debug;
		};
		0BB3A88528EC433800FB88D8 /* Release */ = {
			isa = XCBuildConfiguration;
			buildSettings = {
				ALWAYS_SEARCH_USER_PATHS = NO;
				CLANG_ANALYZER_NONNULL = YES;
				CLANG_ANALYZER_NUMBER_OBJECT_CONVERSION = YES_AGGRESSIVE;
				CLANG_CXX_LANGUAGE_STANDARD = "gnu++20";
				CLANG_ENABLE_MODULES = YES;
				CLANG_ENABLE_OBJC_ARC = YES;
				CLANG_ENABLE_OBJC_WEAK = YES;
				CLANG_WARN_BLOCK_CAPTURE_AUTORELEASING = YES;
				CLANG_WARN_BOOL_CONVERSION = YES;
				CLANG_WARN_COMMA = YES;
				CLANG_WARN_CONSTANT_CONVERSION = YES;
				CLANG_WARN_DEPRECATED_OBJC_IMPLEMENTATIONS = YES;
				CLANG_WARN_DIRECT_OBJC_ISA_USAGE = YES_ERROR;
				CLANG_WARN_DOCUMENTATION_COMMENTS = YES;
				CLANG_WARN_EMPTY_BODY = YES;
				CLANG_WARN_ENUM_CONVERSION = YES;
				CLANG_WARN_INFINITE_RECURSION = YES;
				CLANG_WARN_INT_CONVERSION = YES;
				CLANG_WARN_NON_LITERAL_NULL_CONVERSION = YES;
				CLANG_WARN_OBJC_IMPLICIT_RETAIN_SELF = YES;
				CLANG_WARN_OBJC_LITERAL_CONVERSION = YES;
				CLANG_WARN_OBJC_ROOT_CLASS = YES_ERROR;
				CLANG_WARN_QUOTED_INCLUDE_IN_FRAMEWORK_HEADER = YES;
				CLANG_WARN_RANGE_LOOP_ANALYSIS = YES;
				CLANG_WARN_STRICT_PROTOTYPES = YES;
				CLANG_WARN_SUSPICIOUS_MOVE = YES;
				CLANG_WARN_UNGUARDED_AVAILABILITY = YES_AGGRESSIVE;
				CLANG_WARN_UNREACHABLE_CODE = YES;
				CLANG_WARN__DUPLICATE_METHOD_MATCH = YES;
				COPY_PHASE_STRIP = NO;
				DEBUG_INFORMATION_FORMAT = "dwarf-with-dsym";
				ENABLE_NS_ASSERTIONS = NO;
				ENABLE_STRICT_OBJC_MSGSEND = YES;
				GCC_C_LANGUAGE_STANDARD = gnu11;
				GCC_NO_COMMON_BLOCKS = YES;
				GCC_WARN_64_TO_32_BIT_CONVERSION = YES;
				GCC_WARN_ABOUT_RETURN_TYPE = YES_ERROR;
				GCC_WARN_UNDECLARED_SELECTOR = YES;
				GCC_WARN_UNINITIALIZED_AUTOS = YES_AGGRESSIVE;
				GCC_WARN_UNUSED_FUNCTION = YES;
				GCC_WARN_UNUSED_VARIABLE = YES;
				IPHONEOS_DEPLOYMENT_TARGET = 16.0;
				MTL_ENABLE_DEBUG_INFO = NO;
				MTL_FAST_MATH = YES;
				SDKROOT = iphoneos;
				SWIFT_COMPILATION_MODE = wholemodule;
				SWIFT_OPTIMIZATION_LEVEL = "-O";
				VALIDATE_PRODUCT = YES;
			};
			name = Release;
		};
		0BB3A88728EC433800FB88D8 /* Debug */ = {
			isa = XCBuildConfiguration;
			buildSettings = {
				ASSETCATALOG_COMPILER_APPICON_NAME = AppIcon;
				ASSETCATALOG_COMPILER_GLOBAL_ACCENT_COLOR_NAME = AccentColor;
				CODE_SIGN_STYLE = Automatic;
				CURRENT_PROJECT_VERSION = 1;
				DEVELOPMENT_ASSET_PATHS = "\"MaximalTest/Preview Content\"";
				DEVELOPMENT_TEAM = RW77H92WYF;
				ENABLE_PREVIEWS = YES;
				GENERATE_INFOPLIST_FILE = YES;
				INFOPLIST_FILE = MaximalTest/Info.plist;
				INFOPLIST_KEY_UIApplicationSceneManifest_Generation = YES;
				INFOPLIST_KEY_UIApplicationSupportsIndirectInputEvents = YES;
				INFOPLIST_KEY_UILaunchScreen_Generation = YES;
				INFOPLIST_KEY_UISupportedInterfaceOrientations = UIInterfaceOrientationPortrait;
				INFOPLIST_KEY_UISupportedInterfaceOrientations_iPad = "UIInterfaceOrientationLandscapeLeft UIInterfaceOrientationLandscapeRight UIInterfaceOrientationPortrait UIInterfaceOrientationPortraitUpsideDown";
				IPHONEOS_DEPLOYMENT_TARGET = 15.0;
				LD_RUNPATH_SEARCH_PATHS = (
					"$(inherited)",
					"@executable_path/Frameworks",
				);
				MARKETING_VERSION = 1.0;
				PRODUCT_BUNDLE_IDENTIFIER = RogaIKopyta.MaximalTest;
				PRODUCT_NAME = "$(TARGET_NAME)";
				SUPPORTED_PLATFORMS = "iphoneos iphonesimulator";
				SUPPORTS_MACCATALYST = NO;
				SUPPORTS_MAC_DESIGNED_FOR_IPHONE_IPAD = NO;
				SWIFT_EMIT_LOC_STRINGS = YES;
				SWIFT_VERSION = 5.0;
				TARGETED_DEVICE_FAMILY = 1;
			};
			name = Debug;
		};
		0BB3A88828EC433800FB88D8 /* Release */ = {
			isa = XCBuildConfiguration;
			buildSettings = {
				ASSETCATALOG_COMPILER_APPICON_NAME = AppIcon;
				ASSETCATALOG_COMPILER_GLOBAL_ACCENT_COLOR_NAME = AccentColor;
				CODE_SIGN_STYLE = Automatic;
				CURRENT_PROJECT_VERSION = 1;
				DEVELOPMENT_ASSET_PATHS = "\"MaximalTest/Preview Content\"";
				DEVELOPMENT_TEAM = RW77H92WYF;
				ENABLE_PREVIEWS = YES;
				GENERATE_INFOPLIST_FILE = YES;
				INFOPLIST_FILE = MaximalTest/Info.plist;
				INFOPLIST_KEY_UIApplicationSceneManifest_Generation = YES;
				INFOPLIST_KEY_UIApplicationSupportsIndirectInputEvents = YES;
				INFOPLIST_KEY_UILaunchScreen_Generation = YES;
				INFOPLIST_KEY_UISupportedInterfaceOrientations = UIInterfaceOrientationPortrait;
				INFOPLIST_KEY_UISupportedInterfaceOrientations_iPad = "UIInterfaceOrientationLandscapeLeft UIInterfaceOrientationLandscapeRight UIInterfaceOrientationPortrait UIInterfaceOrientationPortraitUpsideDown";
				IPHONEOS_DEPLOYMENT_TARGET = 15.0;
				LD_RUNPATH_SEARCH_PATHS = (
					"$(inherited)",
					"@executable_path/Frameworks",
				);
				MARKETING_VERSION = 1.0;
				PRODUCT_BUNDLE_IDENTIFIER = RogaIKopyta.MaximalTest;
				PRODUCT_NAME = "$(TARGET_NAME)";
				SUPPORTED_PLATFORMS = "iphoneos iphonesimulator";
				SUPPORTS_MACCATALYST = NO;
				SUPPORTS_MAC_DESIGNED_FOR_IPHONE_IPAD = NO;
				SWIFT_EMIT_LOC_STRINGS = YES;
				SWIFT_VERSION = 5.0;
				TARGETED_DEVICE_FAMILY = 1;
			};
			name = Release;
		};
/* End XCBuildConfiguration section */

/* Begin XCConfigurationList section */
		0BB3A87328EC433700FB88D8 /* Build configuration list for PBXProject "MaximalTest" */ = {
			isa = XCConfigurationList;
			buildConfigurations = (
				0BB3A88428EC433800FB88D8 /* Debug */,
				0BB3A88528EC433800FB88D8 /* Release */,
			);
			defaultConfigurationIsVisible = 0;
			defaultConfigurationName = Release;
		};
		0BB3A88628EC433800FB88D8 /* Build configuration list for PBXNativeTarget "MaximalTest" */ = {
			isa = XCConfigurationList;
			buildConfigurations = (
				0BB3A88728EC433800FB88D8 /* Debug */,
				0BB3A88828EC433800FB88D8 /* Release */,
			);
			defaultConfigurationIsVisible = 0;
			defaultConfigurationName = Release;
		};
/* End XCConfigurationList section */

/* Begin XCRemoteSwiftPackageReference section */
		0BB3A89628EC779600FB88D8 /* XCRemoteSwiftPackageReference "Alamofire" */ = {
			isa = XCRemoteSwiftPackageReference;
			repositoryURL = "https://github.com/Alamofire/Alamofire.git";
			requirement = {
				kind = upToNextMinorVersion;
				minimumVersion = 5.6.0;
			};
		};
/* End XCRemoteSwiftPackageReference section */

/* Begin XCSwiftPackageProductDependency section */
		0BB3A89728EC779600FB88D8 /* Alamofire */ = {
			isa = XCSwiftPackageProductDependency;
			package = 0BB3A89628EC779600FB88D8 /* XCRemoteSwiftPackageReference "Alamofire" */;
			productName = Alamofire;
		};
/* End XCSwiftPackageProductDependency section */
	};
	rootObject = 0BB3A87028EC433700FB88D8 /* Project object */;
}
